
Microsoft Visual Studio Solution File, Format Version 12.00
# Visual Studio 2012
Project("{F184B08F-C81C-45F6-A57F-5ABD9991F28F}") = "OAuth2", "OAuth2.vbproj", "{0753E758-BBDA-41EA-93C4-4E293FBAFD3D}"
EndProject
Global
	GlobalSection(SolutionConfigurationPlatforms) = preSolution
		Debug|Any CPU = Debug|Any CPU
		Release|Any CPU = Release|Any CPU
	EndGlobalSection
	GlobalSection(ProjectConfigurationPlatforms) = postSolution
		{0753E758-BBDA-41EA-93C4-4E293FBAFD3D}.Debug|Any CPU.ActiveCfg = Debug|Any CPU
		{0753E758-BBDA-41EA-93C4-4E293FBAFD3D}.Debug|Any CPU.Build.0 = Debug|Any CPU
		{0753E758-BBDA-41EA-93C4-4E293FBAFD3D}.Release|Any CPU.ActiveCfg = Release|Any CPU
		{0753E758-BBDA-41EA-93C4-4E293FBAFD3D}.Release|Any CPU.Build.0 = Release|Any CPU
	EndGlobalSection
	GlobalSection(SolutionProperties) = preSolution
		HideSolutionNode = FALSE
	EndGlobalSection
EndGlobal
